
Microsoft Visual Studio Solution File, Format Version 12.00
# Visual Studio 15
VisualStudioVersion = 15.0.26730.16
MinimumVisualStudioVersion = 10.0.40219.1
Project("{FAE04EC0-301F-11D3-BF4B-00C04F79EFBC}") = "ConsoleApplicationVirtual", "CmdDesignPatterns\ConsoleApplicationVirtual.csproj", "{61872798-166B-4695-8C13-B41EA6B6A83A}"
EndProject
Global
	GlobalSection(SolutionConfigurationPlatforms) = preSolution
		Debug|Any CPU = Debug|Any CPU
		Release|Any CPU = Release|Any CPU
	EndGlobalSection
	GlobalSection(ProjectConfigurationPlatforms) = postSolution
		{61872798-166B-4695-8C13-B41EA6B6A83A}.Debug|Any CPU.ActiveCfg = Debug|Any CPU
		{61872798-166B-4695-8C13-B41EA6B6A83A}.Debug|Any CPU.Build.0 = Debug|Any CPU
		{61872798-166B-4695-8C13-B41EA6B6A83A}.Release|Any CPU.ActiveCfg = Release|Any CPU
		{61872798-166B-4695-8C13-B41EA6B6A83A}.Release|Any CPU.Build.0 = Release|Any CPU
	EndGlobalSection
	GlobalSection(SolutionProperties) = preSolution
		HideSolutionNode = FALSE
	EndGlobalSection
	GlobalSection(ExtensibilityGlobals) = postSolution
		SolutionGuid = {9F3999F1-8AD7-411D-B5D2-653ECFEB1E9F}
	EndGlobalSection
EndGlobal
